
Microsoft Visual Studio Solution File, Format Version 12.00
# Visual Studio 15
VisualStudioVersion = 15.0.28010.2026
MinimumVisualStudioVersion = 10.0.40219.1
Project("{FAE04EC0-301F-11D3-BF4B-00C04F79EFBC}") = "Roomie", "Roomie\Roomie.csproj", "{FEFCB7A0-2819-4A7D-B032-F93AD21F9197}"
EndProject
Global
	GlobalSection(SolutionConfigurationPlatforms) = preSolution
		Debug|Any CPU = Debug|Any CPU
		Release|Any CPU = Release|Any CPU
	EndGlobalSection
	GlobalSection(ProjectConfigurationPlatforms) = postSolution
		{FEFCB7A0-2819-4A7D-B032-F93AD21F9197}.Debug|Any CPU.ActiveCfg = Debug|Any CPU
		{FEFCB7A0-2819-4A7D-B032-F93AD21F9197}.Debug|Any CPU.Build.0 = Debug|Any CPU
		{FEFCB7A0-2819-4A7D-B032-F93AD21F9197}.Release|Any CPU.ActiveCfg = Release|Any CPU
		{FEFCB7A0-2819-4A7D-B032-F93AD21F9197}.Release|Any CPU.Build.0 = Release|Any CPU
	EndGlobalSection
	GlobalSection(SolutionProperties) = preSolution
		HideSolutionNode = FALSE
	EndGlobalSection
	GlobalSection(ExtensibilityGlobals) = postSolution
		SolutionGuid = {3D8A118C-0BE6-45F2-9FB6-190F914ACCF3}
	EndGlobalSection
EndGlobal
